
Microsoft Visual Studio Solution File, Format Version 12.00
# Visual Studio Version 17
VisualStudioVersion = 17.0.31912.275
MinimumVisualStudioVersion = 10.0.40219.1
Project("{9A19103F-16F7-4668-BE54-9A1E7A4F7556}") = "DAL", "DAL\DAL.csproj", "{7BB39644-1E37-4DD6-AD6C-AAA9828EFF93}"
EndProject
Project("{9A19103F-16F7-4668-BE54-9A1E7A4F7556}") = "DBCreation", "DBCreation\DBCreation.csproj", "{6516C19E-E35A-4386-9185-32C338D6F762}"
EndProject
Project("{9A19103F-16F7-4668-BE54-9A1E7A4F7556}") = "BLL", "BLL\BLL.csproj", "{B0692C29-1582-4A2F-B10D-435E2A13C4C3}"
EndProject
Project("{9A19103F-16F7-4668-BE54-9A1E7A4F7556}") = "DTO", "DTO\DTO.csproj", "{CA8B912C-1B54-41F5-B3C8-A95A9E87196F}"
EndProject
Project("{9A19103F-16F7-4668-BE54-9A1E7A4F7556}") = "TestBLL", "TestBLL\TestBLL.csproj", "{6AAAE1B5-BEA9-493A-BB28-9C65E0888E09}"
EndProject
Project("{9A19103F-16F7-4668-BE54-9A1E7A4F7556}") = "TestDAL", "TestDAL\TestDAL.csproj", "{7429227F-4518-4977-A390-6AB9600D4A08}"
EndProject
Project("{9A19103F-16F7-4668-BE54-9A1E7A4F7556}") = "WPFSettings", "WPFSecond\WPFSettings.csproj", "{79902FFB-C391-48C3-A181-829843B4D978}"
EndProject
Project("{9A19103F-16F7-4668-BE54-9A1E7A4F7556}") = "WPFMain", "WpfApp1\WPFMain.csproj", "{69BA1D18-D2A5-4C83-89AE-FEDDDF423DDB}"
EndProject
Project("{9A19103F-16F7-4668-BE54-9A1E7A4F7556}") = "APIContactor", "APIContactor\APIContactor.csproj", "{D5F0E86F-32F0-45E3-B9A8-E8F023D057C8}"
EndProject
Project("{9A19103F-16F7-4668-BE54-9A1E7A4F7556}") = "API", "API\API.csproj", "{15CEAEC2-00ED-468F-BBCF-1B3A72FC3C21}"
EndProject
Project("{9A19103F-16F7-4668-BE54-9A1E7A4F7556}") = "TestAPI", "TestAPI\TestAPI.csproj", "{DF1DCF70-D6B9-47C3-9C85-3694FD78F41A}"
EndProject
Project("{9A19103F-16F7-4668-BE54-9A1E7A4F7556}") = "WebApp", "WebApp\WebApp.csproj", "{F25F01D6-1670-4EBC-B0DA-E176EABDFE98}"
EndProject
Global
	GlobalSection(SolutionConfigurationPlatforms) = preSolution
		Debug|Any CPU = Debug|Any CPU
		Release|Any CPU = Release|Any CPU
	EndGlobalSection
	GlobalSection(ProjectConfigurationPlatforms) = postSolution
		{7BB39644-1E37-4DD6-AD6C-AAA9828EFF93}.Debug|Any CPU.ActiveCfg = Debug|Any CPU
		{7BB39644-1E37-4DD6-AD6C-AAA9828EFF93}.Debug|Any CPU.Build.0 = Debug|Any CPU
		{7BB39644-1E37-4DD6-AD6C-AAA9828EFF93}.Release|Any CPU.ActiveCfg = Release|Any CPU
		{7BB39644-1E37-4DD6-AD6C-AAA9828EFF93}.Release|Any CPU.Build.0 = Release|Any CPU
		{6516C19E-E35A-4386-9185-32C338D6F762}.Debug|Any CPU.ActiveCfg = Debug|Any CPU
		{6516C19E-E35A-4386-9185-32C338D6F762}.Debug|Any CPU.Build.0 = Debug|Any CPU
		{6516C19E-E35A-4386-9185-32C338D6F762}.Release|Any CPU.ActiveCfg = Release|Any CPU
		{6516C19E-E35A-4386-9185-32C338D6F762}.Release|Any CPU.Build.0 = Release|Any CPU
		{B0692C29-1582-4A2F-B10D-435E2A13C4C3}.Debug|Any CPU.ActiveCfg = Debug|Any CPU
		{B0692C29-1582-4A2F-B10D-435E2A13C4C3}.Debug|Any CPU.Build.0 = Debug|Any CPU
		{B0692C29-1582-4A2F-B10D-435E2A13C4C3}.Release|Any CPU.ActiveCfg = Release|Any CPU
		{B0692C29-1582-4A2F-B10D-435E2A13C4C3}.Release|Any CPU.Build.0 = Release|Any CPU
		{CA8B912C-1B54-41F5-B3C8-A95A9E87196F}.Debug|Any CPU.ActiveCfg = Debug|Any CPU
		{CA8B912C-1B54-41F5-B3C8-A95A9E87196F}.Debug|Any CPU.Build.0 = Debug|Any CPU
		{CA8B912C-1B54-41F5-B3C8-A95A9E87196F}.Release|Any CPU.ActiveCfg = Release|Any CPU
		{CA8B912C-1B54-41F5-B3C8-A95A9E87196F}.Release|Any CPU.Build.0 = Release|Any CPU
		{6AAAE1B5-BEA9-493A-BB28-9C65E0888E09}.Debug|Any CPU.ActiveCfg = Debug|Any CPU
		{6AAAE1B5-BEA9-493A-BB28-9C65E0888E09}.Debug|Any CPU.Build.0 = Debug|Any CPU
		{6AAAE1B5-BEA9-493A-BB28-9C65E0888E09}.Release|Any CPU.ActiveCfg = Release|Any CPU
		{6AAAE1B5-BEA9-493A-BB28-9C65E0888E09}.Release|Any CPU.Build.0 = Release|Any CPU
		{7429227F-4518-4977-A390-6AB9600D4A08}.Debug|Any CPU.ActiveCfg = Debug|Any CPU
		{7429227F-4518-4977-A390-6AB9600D4A08}.Debug|Any CPU.Build.0 = Debug|Any CPU
		{7429227F-4518-4977-A390-6AB9600D4A08}.Release|Any CPU.ActiveCfg = Release|Any CPU
		{7429227F-4518-4977-A390-6AB9600D4A08}.Release|Any CPU.Build.0 = Release|Any CPU
		{79902FFB-C391-48C3-A181-829843B4D978}.Debug|Any CPU.ActiveCfg = Debug|Any CPU
		{79902FFB-C391-48C3-A181-829843B4D978}.Debug|Any CPU.Build.0 = Debug|Any CPU
		{79902FFB-C391-48C3-A181-829843B4D978}.Release|Any CPU.ActiveCfg = Release|Any CPU
		{79902FFB-C391-48C3-A181-829843B4D978}.Release|Any CPU.Build.0 = Release|Any CPU
		{69BA1D18-D2A5-4C83-89AE-FEDDDF423DDB}.Debug|Any CPU.ActiveCfg = Debug|Any CPU
		{69BA1D18-D2A5-4C83-89AE-FEDDDF423DDB}.Debug|Any CPU.Build.0 = Debug|Any CPU
		{69BA1D18-D2A5-4C83-89AE-FEDDDF423DDB}.Release|Any CPU.ActiveCfg = Release|Any CPU
		{69BA1D18-D2A5-4C83-89AE-FEDDDF423DDB}.Release|Any CPU.Build.0 = Release|Any CPU
		{D5F0E86F-32F0-45E3-B9A8-E8F023D057C8}.Debug|Any CPU.ActiveCfg = Debug|Any CPU
		{D5F0E86F-32F0-45E3-B9A8-E8F023D057C8}.Debug|Any CPU.Build.0 = Debug|Any CPU
		{D5F0E86F-32F0-45E3-B9A8-E8F023D057C8}.Release|Any CPU.ActiveCfg = Release|Any CPU
		{D5F0E86F-32F0-45E3-B9A8-E8F023D057C8}.Release|Any CPU.Build.0 = Release|Any CPU
		{15CEAEC2-00ED-468F-BBCF-1B3A72FC3C21}.Debug|Any CPU.ActiveCfg = Debug|Any CPU
		{15CEAEC2-00ED-468F-BBCF-1B3A72FC3C21}.Debug|Any CPU.Build.0 = Debug|Any CPU
		{15CEAEC2-00ED-468F-BBCF-1B3A72FC3C21}.Release|Any CPU.ActiveCfg = Release|Any CPU
		{15CEAEC2-00ED-468F-BBCF-1B3A72FC3C21}.Release|Any CPU.Build.0 = Release|Any CPU
		{DF1DCF70-D6B9-47C3-9C85-3694FD78F41A}.Debug|Any CPU.ActiveCfg = Debug|Any CPU
		{DF1DCF70-D6B9-47C3-9C85-3694FD78F41A}.Debug|Any CPU.Build.0 = Debug|Any CPU
		{DF1DCF70-D6B9-47C3-9C85-3694FD78F41A}.Release|Any CPU.ActiveCfg = Release|Any CPU
		{DF1DCF70-D6B9-47C3-9C85-3694FD78F41A}.Release|Any CPU.Build.0 = Release|Any CPU
		{F25F01D6-1670-4EBC-B0DA-E176EABDFE98}.Debug|Any CPU.ActiveCfg = Debug|Any CPU
		{F25F01D6-1670-4EBC-B0DA-E176EABDFE98}.Debug|Any CPU.Build.0 = Debug|Any CPU
		{F25F01D6-1670-4EBC-B0DA-E176EABDFE98}.Release|Any CPU.ActiveCfg = Release|Any CPU
		{F25F01D6-1670-4EBC-B0DA-E176EABDFE98}.Release|Any CPU.Build.0 = Release|Any CPU
	EndGlobalSection
	GlobalSection(SolutionProperties) = preSolution
		HideSolutionNode = FALSE
	EndGlobalSection
	GlobalSection(ExtensibilityGlobals) = postSolution
		SolutionGuid = {DF8C9ACE-D0B1-454D-BEF4-26331EEA0AE1}
	EndGlobalSection
EndGlobal
